// !$*UTF8*$!
{
	archiveVersion = 1;
	classes = {
	};
	objectVersion = 56;
	objects = {

/* Begin PBXBuildFile section */
		8C778E9A968276379F15897E /* Pods_RxSwift_MVVMSecondSample.framework in Frameworks */ = {isa = PBXBuildFile; fileRef = 21D5EB4BF6025B49C2DC8ABC /* Pods_RxSwift_MVVMSecondSample.framework */; };
		A13CB03E29E6928F0084BA39 /* AppDelegate.swift in Sources */ = {isa = PBXBuildFile; fileRef = A13CB03D29E6928F0084BA39 /* AppDelegate.swift */; };
		A13CB04029E6928F0084BA39 /* SceneDelegate.swift in Sources */ = {isa = PBXBuildFile; fileRef = A13CB03F29E6928F0084BA39 /* SceneDelegate.swift */; };
		A13CB04229E6928F0084BA39 /* MainViewController.swift in Sources */ = {isa = PBXBuildFile; fileRef = A13CB04129E6928F0084BA39 /* MainViewController.swift */; };
		A13CB04529E6928F0084BA39 /* Main.storyboard in Resources */ = {isa = PBXBuildFile; fileRef = A13CB04329E6928F0084BA39 /* Main.storyboard */; };
		A13CB04729E6928F0084BA39 /* Assets.xcassets in Resources */ = {isa = PBXBuildFile; fileRef = A13CB04629E6928F0084BA39 /* Assets.xcassets */; };
		A13CB04A29E6928F0084BA39 /* LaunchScreen.storyboard in Resources */ = {isa = PBXBuildFile; fileRef = A13CB04829E6928F0084BA39 /* LaunchScreen.storyboard */; };
		A1BAA8BE29E7E990001096C0 /* LoginViewController.swift in Sources */ = {isa = PBXBuildFile; fileRef = A1BAA8BD29E7E990001096C0 /* LoginViewController.swift */; };
		A1F866C429E695E100A67732 /* ViewModel.swift in Sources */ = {isa = PBXBuildFile; fileRef = A1F866C329E695E100A67732 /* ViewModel.swift */; };
		A1F866C629E6991800A67732 /* UserModelDTO.swift in Sources */ = {isa = PBXBuildFile; fileRef = A1F866C529E6991800A67732 /* UserModelDTO.swift */; };
		A1F866C929E6A15300A67732 /* UserTableViewCell.swift in Sources */ = {isa = PBXBuildFile; fileRef = A1F866C829E6A15300A67732 /* UserTableViewCell.swift */; };
		A1F881C829E80CE0002F3507 /* LoginViewModel.swift in Sources */ = {isa = PBXBuildFile; fileRef = A1F881C729E80CE0002F3507 /* LoginViewModel.swift */; };
		A1F881CC29E80E1C002F3507 /* String+Extension.swift in Sources */ = {isa = PBXBuildFile; fileRef = A1F881CB29E80E1C002F3507 /* String+Extension.swift */; };
/* End PBXBuildFile section */

/* Begin PBXFileReference section */
		0C59FEEB232F90B25734A280 /* Pods-RxSwift-MVVMSecondSample.debug.xcconfig */ = {isa = PBXFileReference; includeInIndex = 1; lastKnownFileType = text.xcconfig; name = "Pods-RxSwift-MVVMSecondSample.debug.xcconfig"; path = "Target Support Files/Pods-RxSwift-MVVMSecondSample/Pods-RxSwift-MVVMSecondSample.debug.xcconfig"; sourceTree = "<group>"; };
		21D5EB4BF6025B49C2DC8ABC /* Pods_RxSwift_MVVMSecondSample.framework */ = {isa = PBXFileReference; explicitFileType = wrapper.framework; includeInIndex = 0; path = Pods_RxSwift_MVVMSecondSample.framework; sourceTree = BUILT_PRODUCTS_DIR; };
		83EA4B5DC97D1EFB2D574AFE /* Pods-RxSwift-MVVMSecondSample.release.xcconfig */ = {isa = PBXFileReference; includeInIndex = 1; lastKnownFileType = text.xcconfig; name = "Pods-RxSwift-MVVMSecondSample.release.xcconfig"; path = "Target Support Files/Pods-RxSwift-MVVMSecondSample/Pods-RxSwift-MVVMSecondSample.release.xcconfig"; sourceTree = "<group>"; };
		A13CB03A29E6928E0084BA39 /* RxSwift-MVVMSecondSample.app */ = {isa = PBXFileReference; explicitFileType = wrapper.application; includeInIndex = 0; path = "RxSwift-MVVMSecondSample.app"; sourceTree = BUILT_PRODUCTS_DIR; };
		A13CB03D29E6928F0084BA39 /* AppDelegate.swift */ = {isa = PBXFileReference; lastKnownFileType = sourcecode.swift; path = AppDelegate.swift; sourceTree = "<group>"; };
		A13CB03F29E6928F0084BA39 /* SceneDelegate.swift */ = {isa = PBXFileReference; lastKnownFileType = sourcecode.swift; path = SceneDelegate.swift; sourceTree = "<group>"; };
		A13CB04129E6928F0084BA39 /* MainViewController.swift */ = {isa = PBXFileReference; lastKnownFileType = sourcecode.swift; path = MainViewController.swift; sourceTree = "<group>"; };
		A13CB04429E6928F0084BA39 /* Base */ = {isa = PBXFileReference; lastKnownFileType = file.storyboard; name = Base; path = Base.lproj/Main.storyboard; sourceTree = "<group>"; };
		A13CB04629E6928F0084BA39 /* Assets.xcassets */ = {isa = PBXFileReference; lastKnownFileType = folder.assetcatalog; path = Assets.xcassets; sourceTree = "<group>"; };
		A13CB04929E6928F0084BA39 /* Base */ = {isa = PBXFileReference; lastKnownFileType = file.storyboard; name = Base; path = Base.lproj/LaunchScreen.storyboard; sourceTree = "<group>"; };
		A13CB04B29E6928F0084BA39 /* Info.plist */ = {isa = PBXFileReference; lastKnownFileType = text.plist.xml; path = Info.plist; sourceTree = "<group>"; };
		A1BAA8BD29E7E990001096C0 /* LoginViewController.swift */ = {isa = PBXFileReference; lastKnownFileType = sourcecode.swift; path = LoginViewController.swift; sourceTree = "<group>"; };
		A1F866C329E695E100A67732 /* ViewModel.swift */ = {isa = PBXFileReference; lastKnownFileType = sourcecode.swift; path = ViewModel.swift; sourceTree = "<group>"; };
		A1F866C529E6991800A67732 /* UserModelDTO.swift */ = {isa = PBXFileReference; lastKnownFileType = sourcecode.swift; path = UserModelDTO.swift; sourceTree = "<group>"; };
		A1F866C829E6A15300A67732 /* UserTableViewCell.swift */ = {isa = PBXFileReference; lastKnownFileType = sourcecode.swift; path = UserTableViewCell.swift; sourceTree = "<group>"; };
		A1F881C729E80CE0002F3507 /* LoginViewModel.swift */ = {isa = PBXFileReference; lastKnownFileType = sourcecode.swift; path = LoginViewModel.swift; sourceTree = "<group>"; };
		A1F881CB29E80E1C002F3507 /* String+Extension.swift */ = {isa = PBXFileReference; lastKnownFileType = sourcecode.swift; path = "String+Extension.swift"; sourceTree = "<group>"; };
/* End PBXFileReference section */

/* Begin PBXFrameworksBuildPhase section */
		A13CB03729E6928E0084BA39 /* Frameworks */ = {
			isa = PBXFrameworksBuildPhase;
			buildActionMask = 2147483647;
			files = (
				8C778E9A968276379F15897E /* Pods_RxSwift_MVVMSecondSample.framework in Frameworks */,
			);
			runOnlyForDeploymentPostprocessing = 0;
		};
/* End PBXFrameworksBuildPhase section */

/* Begin PBXGroup section */
		75B627D8AAD5D869271EFAD4 /* Frameworks */ = {
			isa = PBXGroup;
			children = (
				21D5EB4BF6025B49C2DC8ABC /* Pods_RxSwift_MVVMSecondSample.framework */,
			);
			name = Frameworks;
			sourceTree = "<group>";
		};
		A13CB03129E6928E0084BA39 = {
			isa = PBXGroup;
			children = (
				A13CB03C29E6928E0084BA39 /* RxSwift-MVVMSecondSample */,
				A13CB03B29E6928E0084BA39 /* Products */,
				ECA3F864667CD4A67CBB3F68 /* Pods */,
				75B627D8AAD5D869271EFAD4 /* Frameworks */,
			);
			sourceTree = "<group>";
		};
		A13CB03B29E6928E0084BA39 /* Products */ = {
			isa = PBXGroup;
			children = (
				A13CB03A29E6928E0084BA39 /* RxSwift-MVVMSecondSample.app */,
			);
			name = Products;
			sourceTree = "<group>";
		};
		A13CB03C29E6928E0084BA39 /* RxSwift-MVVMSecondSample */ = {
			isa = PBXGroup;
			children = (
				A13CB03D29E6928F0084BA39 /* AppDelegate.swift */,
				A13CB03F29E6928F0084BA39 /* SceneDelegate.swift */,
				A1BAA8BF29E80C47001096C0 /* MainModule */,
				A1BAA8C429E80C8B001096C0 /* LoginModule */,
				A1F881CD29E80E2A002F3507 /* Extensions */,
				A13CB04329E6928F0084BA39 /* Main.storyboard */,
				A13CB04629E6928F0084BA39 /* Assets.xcassets */,
				A13CB04829E6928F0084BA39 /* LaunchScreen.storyboard */,
				A13CB04B29E6928F0084BA39 /* Info.plist */,
			);
			path = "RxSwift-MVVMSecondSample";
			sourceTree = "<group>";
		};
		A1BAA8BF29E80C47001096C0 /* MainModule */ = {
			isa = PBXGroup;
			children = (
				A1BAA8C129E80C6C001096C0 /* Model */,
				A1BAA8C029E80C5F001096C0 /* ViewModel */,
				A1BAA8C229E80C76001096C0 /* View */,
			);
			path = MainModule;
			sourceTree = "<group>";
		};
		A1BAA8C029E80C5F001096C0 /* ViewModel */ = {
			isa = PBXGroup;
			children = (
				A1F866C329E695E100A67732 /* ViewModel.swift */,
			);
			path = ViewModel;
			sourceTree = "<group>";
		};
		A1BAA8C129E80C6C001096C0 /* Model */ = {
			isa = PBXGroup;
			children = (
				A1F866C529E6991800A67732 /* UserModelDTO.swift */,
			);
			path = Model;
			sourceTree = "<group>";
		};
		A1BAA8C229E80C76001096C0 /* View */ = {
			isa = PBXGroup;
			children = (
				A13CB04129E6928F0084BA39 /* MainViewController.swift */,
				A1BAA8C329E80C7D001096C0 /* Cells */,
			);
			path = View;
			sourceTree = "<group>";
		};
		A1BAA8C329E80C7D001096C0 /* Cells */ = {
			isa = PBXGroup;
			children = (
				A1F866C829E6A15300A67732 /* UserTableViewCell.swift */,
			);
			path = Cells;
			sourceTree = "<group>";
		};
		A1BAA8C429E80C8B001096C0 /* LoginModule */ = {
			isa = PBXGroup;
			children = (
				A1F881CA29E80CF1002F3507 /* ViewModel */,
				A1F881C929E80CE6002F3507 /* View */,
			);
			path = LoginModule;
			sourceTree = "<group>";
		};
		A1F881C929E80CE6002F3507 /* View */ = {
			isa = PBXGroup;
			children = (
				A1BAA8BD29E7E990001096C0 /* LoginViewController.swift */,
			);
			path = View;
			sourceTree = "<group>";
		};
		A1F881CA29E80CF1002F3507 /* ViewModel */ = {
			isa = PBXGroup;
			children = (
				A1F881C729E80CE0002F3507 /* LoginViewModel.swift */,
			);
			path = ViewModel;
			sourceTree = "<group>";
		};
		A1F881CD29E80E2A002F3507 /* Extensions */ = {
			isa = PBXGroup;
			children = (
				A1F881CB29E80E1C002F3507 /* String+Extension.swift */,
			);
			path = Extensions;
			sourceTree = "<group>";
		};
		ECA3F864667CD4A67CBB3F68 /* Pods */ = {
			isa = PBXGroup;
			children = (
				0C59FEEB232F90B25734A280 /* Pods-RxSwift-MVVMSecondSample.debug.xcconfig */,
				83EA4B5DC97D1EFB2D574AFE /* Pods-RxSwift-MVVMSecondSample.release.xcconfig */,
			);
			path = Pods;
			sourceTree = "<group>";
		};
/* End PBXGroup section */

/* Begin PBXNativeTarget section */
		A13CB03929E6928E0084BA39 /* RxSwift-MVVMSecondSample */ = {
			isa = PBXNativeTarget;
			buildConfigurationList = A13CB04E29E6928F0084BA39 /* Build configuration list for PBXNativeTarget "RxSwift-MVVMSecondSample" */;
			buildPhases = (
				8CBC81E002C541A595ECAC23 /* [CP] Check Pods Manifest.lock */,
				A13CB03629E6928E0084BA39 /* Sources */,
				A13CB03729E6928E0084BA39 /* Frameworks */,
				A13CB03829E6928E0084BA39 /* Resources */,
				9096B34B7B7E8C3D96758783 /* [CP] Embed Pods Frameworks */,
			);
			buildRules = (
			);
			dependencies = (
			);
			name = "RxSwift-MVVMSecondSample";
			productName = "RxSwift-MVVMSecondSample";
			productReference = A13CB03A29E6928E0084BA39 /* RxSwift-MVVMSecondSample.app */;
			productType = "com.apple.product-type.application";
		};
/* End PBXNativeTarget section */

/* Begin PBXProject section */
		A13CB03229E6928E0084BA39 /* Project object */ = {
			isa = PBXProject;
			attributes = {
				BuildIndependentTargetsInParallel = 1;
				LastSwiftUpdateCheck = 1400;
				LastUpgradeCheck = 1400;
				TargetAttributes = {
					A13CB03929E6928E0084BA39 = {
						CreatedOnToolsVersion = 14.0;
					};
				};
			};
			buildConfigurationList = A13CB03529E6928E0084BA39 /* Build configuration list for PBXProject "RxSwift-MVVMSecondSample" */;
			compatibilityVersion = "Xcode 14.0";
			developmentRegion = en;
			hasScannedForEncodings = 0;
			knownRegions = (
				en,
				Base,
			);
			mainGroup = A13CB03129E6928E0084BA39;
			productRefGroup = A13CB03B29E6928E0084BA39 /* Products */;
			projectDirPath = "";
			projectRoot = "";
			targets = (
				A13CB03929E6928E0084BA39 /* RxSwift-MVVMSecondSample */,
			);
		};
/* End PBXProject section */

/* Begin PBXResourcesBuildPhase section */
		A13CB03829E6928E0084BA39 /* Resources */ = {
			isa = PBXResourcesBuildPhase;
			buildActionMask = 2147483647;
			files = (
				A13CB04A29E6928F0084BA39 /* LaunchScreen.storyboard in Resources */,
				A13CB04729E6928F0084BA39 /* Assets.xcassets in Resources */,
				A13CB04529E6928F0084BA39 /* Main.storyboard in Resources */,
			);
			runOnlyForDeploymentPostprocessing = 0;
		};
/* End PBXResourcesBuildPhase section */

/* Begin PBXShellScriptBuildPhase section */
		8CBC81E002C541A595ECAC23 /* [CP] Check Pods Manifest.lock */ = {
			isa = PBXShellScriptBuildPhase;
			buildActionMask = 2147483647;
			files = (
			);
			inputFileListPaths = (
			);
			inputPaths = (
				"${PODS_PODFILE_DIR_PATH}/Podfile.lock",
				"${PODS_ROOT}/Manifest.lock",
			);
			name = "[CP] Check Pods Manifest.lock";
			outputFileListPaths = (
			);
			outputPaths = (
				"$(DERIVED_FILE_DIR)/Pods-RxSwift-MVVMSecondSample-checkManifestLockResult.txt",
			);
			runOnlyForDeploymentPostprocessing = 0;
			shellPath = /bin/sh;
			shellScript = "diff \"${PODS_PODFILE_DIR_PATH}/Podfile.lock\" \"${PODS_ROOT}/Manifest.lock\" > /dev/null\nif [ $? != 0 ] ; then\n    # print error to STDERR\n    echo \"error: The sandbox is not in sync with the Podfile.lock. Run 'pod install' or update your CocoaPods installation.\" >&2\n    exit 1\nfi\n# This output is used by Xcode 'outputs' to avoid re-running this script phase.\necho \"SUCCESS\" > \"${SCRIPT_OUTPUT_FILE_0}\"\n";
			showEnvVarsInLog = 0;
		};
		9096B34B7B7E8C3D96758783 /* [CP] Embed Pods Frameworks */ = {
			isa = PBXShellScriptBuildPhase;
			buildActionMask = 2147483647;
			files = (
			);
			inputFileListPaths = (
				"${PODS_ROOT}/Target Support Files/Pods-RxSwift-MVVMSecondSample/Pods-RxSwift-MVVMSecondSample-frameworks-${CONFIGURATION}-input-files.xcfilelist",
			);
			name = "[CP] Embed Pods Frameworks";
			outputFileListPaths = (
				"${PODS_ROOT}/Target Support Files/Pods-RxSwift-MVVMSecondSample/Pods-RxSwift-MVVMSecondSample-frameworks-${CONFIGURATION}-output-files.xcfilelist",
			);
			runOnlyForDeploymentPostprocessing = 0;
			shellPath = /bin/sh;
			shellScript = "\"${PODS_ROOT}/Target Support Files/Pods-RxSwift-MVVMSecondSample/Pods-RxSwift-MVVMSecondSample-frameworks.sh\"\n";
			showEnvVarsInLog = 0;
		};
/* End PBXShellScriptBuildPhase section */

/* Begin PBXSourcesBuildPhase section */
		A13CB03629E6928E0084BA39 /* Sources */ = {
			isa = PBXSourcesBuildPhase;
			buildActionMask = 2147483647;
			files = (
				A1BAA8BE29E7E990001096C0 /* LoginViewController.swift in Sources */,
				A1F881CC29E80E1C002F3507 /* String+Extension.swift in Sources */,
				A13CB04229E6928F0084BA39 /* MainViewController.swift in Sources */,
				A13CB03E29E6928F0084BA39 /* AppDelegate.swift in Sources */,
				A1F866C629E6991800A67732 /* UserModelDTO.swift in Sources */,
				A1F881C829E80CE0002F3507 /* LoginViewModel.swift in Sources */,
				A1F866C429E695E100A67732 /* ViewModel.swift in Sources */,
				A1F866C929E6A15300A67732 /* UserTableViewCell.swift in Sources */,
				A13CB04029E6928F0084BA39 /* SceneDelegate.swift in Sources */,
			);
			runOnlyForDeploymentPostprocessing = 0;
		};
/* End PBXSourcesBuildPhase section */

/* Begin PBXVariantGroup section */
		A13CB04329E6928F0084BA39 /* Main.storyboard */ = {
			isa = PBXVariantGroup;
			children = (
				A13CB04429E6928F0084BA39 /* Base */,
			);
			name = Main.storyboard;
			sourceTree = "<group>";
		};
		A13CB04829E6928F0084BA39 /* LaunchScreen.storyboard */ = {
			isa = PBXVariantGroup;
			children = (
				A13CB04929E6928F0084BA39 /* Base */,
			);
			name = LaunchScreen.storyboard;
			sourceTree = "<group>";
		};
/* End PBXVariantGroup section */

/* Begin XCBuildConfiguration section */
		A13CB04C29E6928F0084BA39 /* Debug */ = {
			isa = XCBuildConfiguration;
			buildSettings = {
				ALWAYS_SEARCH_USER_PATHS = NO;
				CLANG_ANALYZER_NONNULL = YES;
				CLANG_ANALYZER_NUMBER_OBJECT_CONVERSION = YES_AGGRESSIVE;
				CLANG_CXX_LANGUAGE_STANDARD = "gnu++20";
				CLANG_ENABLE_MODULES = YES;
				CLANG_ENABLE_OBJC_ARC = YES;
				CLANG_ENABLE_OBJC_WEAK = YES;
				CLANG_WARN_BLOCK_CAPTURE_AUTORELEASING = YES;
				CLANG_WARN_BOOL_CONVERSION = YES;
				CLANG_WARN_COMMA = YES;
				CLANG_WARN_CONSTANT_CONVERSION = YES;
				CLANG_WARN_DEPRECATED_OBJC_IMPLEMENTATIONS = YES;
				CLANG_WARN_DIRECT_OBJC_ISA_USAGE = YES_ERROR;
				CLANG_WARN_DOCUMENTATION_COMMENTS = YES;
				CLANG_WARN_EMPTY_BODY = YES;
				CLANG_WARN_ENUM_CONVERSION = YES;
				CLANG_WARN_INFINITE_RECURSION = YES;
				CLANG_WARN_INT_CONVERSION = YES;
				CLANG_WARN_NON_LITERAL_NULL_CONVERSION = YES;
				CLANG_WARN_OBJC_IMPLICIT_RETAIN_SELF = YES;
				CLANG_WARN_OBJC_LITERAL_CONVERSION = YES;
				CLANG_WARN_OBJC_ROOT_CLASS = YES_ERROR;
				CLANG_WARN_QUOTED_INCLUDE_IN_FRAMEWORK_HEADER = YES;
				CLANG_WARN_RANGE_LOOP_ANALYSIS = YES;
				CLANG_WARN_STRICT_PROTOTYPES = YES;
				CLANG_WARN_SUSPICIOUS_MOVE = YES;
				CLANG_WARN_UNGUARDED_AVAILABILITY = YES_AGGRESSIVE;
				CLANG_WARN_UNREACHABLE_CODE = YES;
				CLANG_WARN__DUPLICATE_METHOD_MATCH = YES;
				COPY_PHASE_STRIP = NO;
				DEBUG_INFORMATION_FORMAT = dwarf;
				ENABLE_STRICT_OBJC_MSGSEND = YES;
				ENABLE_TESTABILITY = YES;
				GCC_C_LANGUAGE_STANDARD = gnu11;
				GCC_DYNAMIC_NO_PIC = NO;
				GCC_NO_COMMON_BLOCKS = YES;
				GCC_OPTIMIZATION_LEVEL = 0;
				GCC_PREPROCESSOR_DEFINITIONS = (
					"DEBUG=1",
					"$(inherited)",
				);
				GCC_WARN_64_TO_32_BIT_CONVERSION = YES;
				GCC_WARN_ABOUT_RETURN_TYPE = YES_ERROR;
				GCC_WARN_UNDECLARED_SELECTOR = YES;
				GCC_WARN_UNINITIALIZED_AUTOS = YES_AGGRESSIVE;
				GCC_WARN_UNUSED_FUNCTION = YES;
				GCC_WARN_UNUSED_VARIABLE = YES;
				IPHONEOS_DEPLOYMENT_TARGET = 16.0;
				MTL_ENABLE_DEBUG_INFO = INCLUDE_SOURCE;
				MTL_FAST_MATH = YES;
				ONLY_ACTIVE_ARCH = YES;
				SDKROOT = iphoneos;
				SWIFT_ACTIVE_COMPILATION_CONDITIONS = DEBUG;
				SWIFT_OPTIMIZATION_LEVEL = "-Onone";
			};
			name = Debug;
		};
		A13CB04D29E6928F0084BA39 /* Release */ = {
			isa = XCBuildConfiguration;
			buildSettings = {
				ALWAYS_SEARCH_USER_PATHS = NO;
				CLANG_ANALYZER_NONNULL = YES;
				CLANG_ANALYZER_NUMBER_OBJECT_CONVERSION = YES_AGGRESSIVE;
				CLANG_CXX_LANGUAGE_STANDARD = "gnu++20";
				CLANG_ENABLE_MODULES = YES;
				CLANG_ENABLE_OBJC_ARC = YES;
				CLANG_ENABLE_OBJC_WEAK = YES;
				CLANG_WARN_BLOCK_CAPTURE_AUTORELEASING = YES;
				CLANG_WARN_BOOL_CONVERSION = YES;
				CLANG_WARN_COMMA = YES;
				CLANG_WARN_CONSTANT_CONVERSION = YES;
				CLANG_WARN_DEPRECATED_OBJC_IMPLEMENTATIONS = YES;
				CLANG_WARN_DIRECT_OBJC_ISA_USAGE = YES_ERROR;
				CLANG_WARN_DOCUMENTATION_COMMENTS = YES;
				CLANG_WARN_EMPTY_BODY = YES;
				CLANG_WARN_ENUM_CONVERSION = YES;
				CLANG_WARN_INFINITE_RECURSION = YES;
				CLANG_WARN_INT_CONVERSION = YES;
				CLANG_WARN_NON_LITERAL_NULL_CONVERSION = YES;
				CLANG_WARN_OBJC_IMPLICIT_RETAIN_SELF = YES;
				CLANG_WARN_OBJC_LITERAL_CONVERSION = YES;
				CLANG_WARN_OBJC_ROOT_CLASS = YES_ERROR;
				CLANG_WARN_QUOTED_INCLUDE_IN_FRAMEWORK_HEADER = YES;
				CLANG_WARN_RANGE_LOOP_ANALYSIS = YES;
				CLANG_WARN_STRICT_PROTOTYPES = YES;
				CLANG_WARN_SUSPICIOUS_MOVE = YES;
				CLANG_WARN_UNGUARDED_AVAILABILITY = YES_AGGRESSIVE;
				CLANG_WARN_UNREACHABLE_CODE = YES;
				CLANG_WARN__DUPLICATE_METHOD_MATCH = YES;
				COPY_PHASE_STRIP = NO;
				DEBUG_INFORMATION_FORMAT = "dwarf-with-dsym";
				ENABLE_NS_ASSERTIONS = NO;
				ENABLE_STRICT_OBJC_MSGSEND = YES;
				GCC_C_LANGUAGE_STANDARD = gnu11;
				GCC_NO_COMMON_BLOCKS = YES;
				GCC_WARN_64_TO_32_BIT_CONVERSION = YES;
				GCC_WARN_ABOUT_RETURN_TYPE = YES_ERROR;
				GCC_WARN_UNDECLARED_SELECTOR = YES;
				GCC_WARN_UNINITIALIZED_AUTOS = YES_AGGRESSIVE;
				GCC_WARN_UNUSED_FUNCTION = YES;
				GCC_WARN_UNUSED_VARIABLE = YES;
				IPHONEOS_DEPLOYMENT_TARGET = 16.0;
				MTL_ENABLE_DEBUG_INFO = NO;
				MTL_FAST_MATH = YES;
				SDKROOT = iphoneos;
				SWIFT_COMPILATION_MODE = wholemodule;
				SWIFT_OPTIMIZATION_LEVEL = "-O";
				VALIDATE_PRODUCT = YES;
			};
			name = Release;
		};
		A13CB04F29E6928F0084BA39 /* Debug */ = {
			isa = XCBuildConfiguration;
			baseConfigurationReference = 0C59FEEB232F90B25734A280 /* Pods-RxSwift-MVVMSecondSample.debug.xcconfig */;
			buildSettings = {
				ASSETCATALOG_COMPILER_APPICON_NAME = AppIcon;
				ASSETCATALOG_COMPILER_GLOBAL_ACCENT_COLOR_NAME = AccentColor;
				CODE_SIGN_STYLE = Automatic;
				CURRENT_PROJECT_VERSION = 1;
				DEVELOPMENT_TEAM = 43434K798H;
				GENERATE_INFOPLIST_FILE = YES;
				INFOPLIST_FILE = "RxSwift-MVVMSecondSample/Info.plist";
				INFOPLIST_KEY_UIApplicationSupportsIndirectInputEvents = YES;
				INFOPLIST_KEY_UILaunchStoryboardName = LaunchScreen;
				INFOPLIST_KEY_UIMainStoryboardFile = Main;
				INFOPLIST_KEY_UISupportedInterfaceOrientations = UIInterfaceOrientationPortrait;
				INFOPLIST_KEY_UISupportedInterfaceOrientations_iPad = "UIInterfaceOrientationLandscapeLeft UIInterfaceOrientationLandscapeRight UIInterfaceOrientationPortrait UIInterfaceOrientationPortraitUpsideDown";
				IPHONEOS_DEPLOYMENT_TARGET = 13.0;
				LD_RUNPATH_SEARCH_PATHS = (
					"$(inherited)",
					"@executable_path/Frameworks",
				);
				MARKETING_VERSION = 1.0;
				PRODUCT_BUNDLE_IDENTIFIER = "AndyPolDev.RxSwift-MVVMSecondSample";
				PRODUCT_NAME = "$(TARGET_NAME)";
				SUPPORTED_PLATFORMS = "iphoneos iphonesimulator";
				SUPPORTS_MACCATALYST = NO;
				SUPPORTS_MAC_DESIGNED_FOR_IPHONE_IPAD = NO;
				SWIFT_EMIT_LOC_STRINGS = YES;
				SWIFT_VERSION = 5.0;
				TARGETED_DEVICE_FAMILY = 1;
			};
			name = Debug;
		};
		A13CB05029E6928F0084BA39 /* Release */ = {
			isa = XCBuildConfiguration;
			baseConfigurationReference = 83EA4B5DC97D1EFB2D574AFE /* Pods-RxSwift-MVVMSecondSample.release.xcconfig */;
			buildSettings = {
				ASSETCATALOG_COMPILER_APPICON_NAME = AppIcon;
				ASSETCATALOG_COMPILER_GLOBAL_ACCENT_COLOR_NAME = AccentColor;
				CODE_SIGN_STYLE = Automatic;
				CURRENT_PROJECT_VERSION = 1;
				DEVELOPMENT_TEAM = 43434K798H;
				GENERATE_INFOPLIST_FILE = YES;
				INFOPLIST_FILE = "RxSwift-MVVMSecondSample/Info.plist";
				INFOPLIST_KEY_UIApplicationSupportsIndirectInputEvents = YES;
				INFOPLIST_KEY_UILaunchStoryboardName = LaunchScreen;
				INFOPLIST_KEY_UIMainStoryboardFile = Main;
				INFOPLIST_KEY_UISupportedInterfaceOrientations = UIInterfaceOrientationPortrait;
				INFOPLIST_KEY_UISupportedInterfaceOrientations_iPad = "UIInterfaceOrientationLandscapeLeft UIInterfaceOrientationLandscapeRight UIInterfaceOrientationPortrait UIInterfaceOrientationPortraitUpsideDown";
				IPHONEOS_DEPLOYMENT_TARGET = 13.0;
				LD_RUNPATH_SEARCH_PATHS = (
					"$(inherited)",
					"@executable_path/Frameworks",
				);
				MARKETING_VERSION = 1.0;
				PRODUCT_BUNDLE_IDENTIFIER = "AndyPolDev.RxSwift-MVVMSecondSample";
				PRODUCT_NAME = "$(TARGET_NAME)";
				SUPPORTED_PLATFORMS = "iphoneos iphonesimulator";
				SUPPORTS_MACCATALYST = NO;
				SUPPORTS_MAC_DESIGNED_FOR_IPHONE_IPAD = NO;
				SWIFT_EMIT_LOC_STRINGS = YES;
				SWIFT_VERSION = 5.0;
				TARGETED_DEVICE_FAMILY = 1;
			};
			name = Release;
		};
/* End XCBuildConfiguration section */

/* Begin XCConfigurationList section */
		A13CB03529E6928E0084BA39 /* Build configuration list for PBXProject "RxSwift-MVVMSecondSample" */ = {
			isa = XCConfigurationList;
			buildConfigurations = (
				A13CB04C29E6928F0084BA39 /* Debug */,
				A13CB04D29E6928F0084BA39 /* Release */,
			);
			defaultConfigurationIsVisible = 0;
			defaultConfigurationName = Release;
		};
		A13CB04E29E6928F0084BA39 /* Build configuration list for PBXNativeTarget "RxSwift-MVVMSecondSample" */ = {
			isa = XCConfigurationList;
			buildConfigurations = (
				A13CB04F29E6928F0084BA39 /* Debug */,
				A13CB05029E6928F0084BA39 /* Release */,
			);
			defaultConfigurationIsVisible = 0;
			defaultConfigurationName = Release;
		};
/* End XCConfigurationList section */
	};
	rootObject = A13CB03229E6928E0084BA39 /* Project object */;
}
